
Microsoft Visual Studio Solution File, Format Version 12.00
# Visual Studio Version 16
VisualStudioVersion = 16.0.29215.179
MinimumVisualStudioVersion = 10.0.40219.1
Project("{FAE04EC0-301F-11D3-BF4B-00C04F79EFBC}") = "DAAndAlgoPractice", "DAAndAlgoPractice\DAAndAlgoPractice.csproj", "{BA884FA3-B722-49D9-AD7E-356FFC90D3D6}"
EndProject
Global
	GlobalSection(SolutionConfigurationPlatforms) = preSolution
		Debug|Any CPU = Debug|Any CPU
		Release|Any CPU = Release|Any CPU
	EndGlobalSection
	GlobalSection(ProjectConfigurationPlatforms) = postSolution
		{BA884FA3-B722-49D9-AD7E-356FFC90D3D6}.Debug|Any CPU.ActiveCfg = Debug|Any CPU
		{BA884FA3-B722-49D9-AD7E-356FFC90D3D6}.Debug|Any CPU.Build.0 = Debug|Any CPU
		{BA884FA3-B722-49D9-AD7E-356FFC90D3D6}.Release|Any CPU.ActiveCfg = Release|Any CPU
		{BA884FA3-B722-49D9-AD7E-356FFC90D3D6}.Release|Any CPU.Build.0 = Release|Any CPU
	EndGlobalSection
	GlobalSection(SolutionProperties) = preSolution
		HideSolutionNode = FALSE
	EndGlobalSection
	GlobalSection(ExtensibilityGlobals) = postSolution
		SolutionGuid = {C9E70E8F-C0EB-42C5-8F56-19A8961F20AE}
	EndGlobalSection
EndGlobal
